
Microsoft Visual Studio Solution File, Format Version 12.00
# Visual Studio 14
VisualStudioVersion = 14.0.25420.1
MinimumVisualStudioVersion = 10.0.40219.1
Project("{FAE04EC0-301F-11D3-BF4B-00C04F79EFBC}") = "Mongus.Web", "Mongus.Web\Mongus.Web.csproj", "{39F5D99E-7546-468D-9754-C72844078EBB}"
EndProject
Project("{FAE04EC0-301F-11D3-BF4B-00C04F79EFBC}") = "Mongus.Domain", "Mongus.Domain\Mongus.Domain.csproj", "{22CF4FF8-D5B6-43AE-BC67-180F7AF8AE02}"
EndProject
Project("{FAE04EC0-301F-11D3-BF4B-00C04F79EFBC}") = "Mongus.Services", "Mongus.Services\Mongus.Services.csproj", "{DCC87737-20B9-4A37-8296-D84286CAE2F7}"
EndProject
Project("{E24C65DC-7377-472B-9ABA-BC803B73C61A}") = "Mongus.WWW", "Mongus.WWW\", "{15299DEC-CE20-4AE5-AF8B-218C08CB5F23}"
	ProjectSection(WebsiteProperties) = preProject
		TargetFrameworkMoniker = ".NETFramework,Version%3Dv4.6.1"
		Debug.AspNetCompiler.VirtualPath = "/localhost_63138"
		Debug.AspNetCompiler.PhysicalPath = "Mongus.WWW\"
		Debug.AspNetCompiler.TargetPath = "PrecompiledWeb\localhost_63138\"
		Debug.AspNetCompiler.Updateable = "true"
		Debug.AspNetCompiler.ForceOverwrite = "true"
		Debug.AspNetCompiler.FixedNames = "false"
		Debug.AspNetCompiler.Debug = "True"
		Release.AspNetCompiler.VirtualPath = "/localhost_63138"
		Release.AspNetCompiler.PhysicalPath = "Mongus.WWW\"
		Release.AspNetCompiler.TargetPath = "PrecompiledWeb\localhost_63138\"
		Release.AspNetCompiler.Updateable = "true"
		Release.AspNetCompiler.ForceOverwrite = "true"
		Release.AspNetCompiler.FixedNames = "false"
		Release.AspNetCompiler.Debug = "False"
		VWDPort = "63138"
		SlnRelativePath = "Mongus.WWW\"
		DefaultWebSiteLanguage = "Visual C#"
	EndProjectSection
EndProject
Project("{E24C65DC-7377-472B-9ABA-BC803B73C61A}") = "Mongus.FrontBootstrap", "Mongus.FrontBootstrap\", "{D87D5123-7613-4635-9515-02B20A700D4E}"
	ProjectSection(WebsiteProperties) = preProject
		TargetFrameworkMoniker = ".NETFramework,Version%3Dv4.6.1"
		Debug.AspNetCompiler.VirtualPath = "/localhost_49745"
		Debug.AspNetCompiler.PhysicalPath = "Mongus.FrontBootstrap\"
		Debug.AspNetCompiler.TargetPath = "PrecompiledWeb\localhost_49745\"
		Debug.AspNetCompiler.Updateable = "true"
		Debug.AspNetCompiler.ForceOverwrite = "true"
		Debug.AspNetCompiler.FixedNames = "false"
		Debug.AspNetCompiler.Debug = "True"
		Release.AspNetCompiler.VirtualPath = "/localhost_49745"
		Release.AspNetCompiler.PhysicalPath = "Mongus.FrontBootstrap\"
		Release.AspNetCompiler.TargetPath = "PrecompiledWeb\localhost_49745\"
		Release.AspNetCompiler.Updateable = "true"
		Release.AspNetCompiler.ForceOverwrite = "true"
		Release.AspNetCompiler.FixedNames = "false"
		Release.AspNetCompiler.Debug = "False"
		VWDPort = "49745"
		SlnRelativePath = "Mongus.FrontBootstrap\"
		DefaultWebSiteLanguage = "Visual C#"
	EndProjectSection
EndProject
Global
	GlobalSection(SolutionConfigurationPlatforms) = preSolution
		Debug|Any CPU = Debug|Any CPU
		Release|Any CPU = Release|Any CPU
	EndGlobalSection
	GlobalSection(ProjectConfigurationPlatforms) = postSolution
		{39F5D99E-7546-468D-9754-C72844078EBB}.Debug|Any CPU.ActiveCfg = Debug|Any CPU
		{39F5D99E-7546-468D-9754-C72844078EBB}.Debug|Any CPU.Build.0 = Debug|Any CPU
		{39F5D99E-7546-468D-9754-C72844078EBB}.Release|Any CPU.ActiveCfg = Release|Any CPU
		{39F5D99E-7546-468D-9754-C72844078EBB}.Release|Any CPU.Build.0 = Release|Any CPU
		{22CF4FF8-D5B6-43AE-BC67-180F7AF8AE02}.Debug|Any CPU.ActiveCfg = Debug|Any CPU
		{22CF4FF8-D5B6-43AE-BC67-180F7AF8AE02}.Debug|Any CPU.Build.0 = Debug|Any CPU
		{22CF4FF8-D5B6-43AE-BC67-180F7AF8AE02}.Release|Any CPU.ActiveCfg = Release|Any CPU
		{22CF4FF8-D5B6-43AE-BC67-180F7AF8AE02}.Release|Any CPU.Build.0 = Release|Any CPU
		{DCC87737-20B9-4A37-8296-D84286CAE2F7}.Debug|Any CPU.ActiveCfg = Debug|Any CPU
		{DCC87737-20B9-4A37-8296-D84286CAE2F7}.Debug|Any CPU.Build.0 = Debug|Any CPU
		{DCC87737-20B9-4A37-8296-D84286CAE2F7}.Release|Any CPU.ActiveCfg = Release|Any CPU
		{DCC87737-20B9-4A37-8296-D84286CAE2F7}.Release|Any CPU.Build.0 = Release|Any CPU
		{15299DEC-CE20-4AE5-AF8B-218C08CB5F23}.Debug|Any CPU.ActiveCfg = Debug|Any CPU
		{15299DEC-CE20-4AE5-AF8B-218C08CB5F23}.Debug|Any CPU.Build.0 = Debug|Any CPU
		{15299DEC-CE20-4AE5-AF8B-218C08CB5F23}.Release|Any CPU.ActiveCfg = Debug|Any CPU
		{15299DEC-CE20-4AE5-AF8B-218C08CB5F23}.Release|Any CPU.Build.0 = Debug|Any CPU
		{D87D5123-7613-4635-9515-02B20A700D4E}.Debug|Any CPU.ActiveCfg = Debug|Any CPU
		{D87D5123-7613-4635-9515-02B20A700D4E}.Debug|Any CPU.Build.0 = Debug|Any CPU
		{D87D5123-7613-4635-9515-02B20A700D4E}.Release|Any CPU.ActiveCfg = Debug|Any CPU
		{D87D5123-7613-4635-9515-02B20A700D4E}.Release|Any CPU.Build.0 = Debug|Any CPU
	EndGlobalSection
	GlobalSection(SolutionProperties) = preSolution
		HideSolutionNode = FALSE
	EndGlobalSection
EndGlobal
